
Microsoft Visual Studio Solution File, Format Version 12.00
# Visual Studio Version 17
VisualStudioVersion = 17.9.34511.98
MinimumVisualStudioVersion = 10.0.40219.1
Project("{FAE04EC0-301F-11D3-BF4B-00C04F79EFBC}") = "Manejo de Presupuestos", "Manejo de Presupuestos\Manejo de Presupuestos.csproj", "{1988514C-9936-4F04-B639-D4ACB584F0DE}"
EndProject
Global
	GlobalSection(SolutionConfigurationPlatforms) = preSolution
		Debug|Any CPU = Debug|Any CPU
		Release|Any CPU = Release|Any CPU
	EndGlobalSection
	GlobalSection(ProjectConfigurationPlatforms) = postSolution
		{1988514C-9936-4F04-B639-D4ACB584F0DE}.Debug|Any CPU.ActiveCfg = Debug|Any CPU
		{1988514C-9936-4F04-B639-D4ACB584F0DE}.Debug|Any CPU.Build.0 = Debug|Any CPU
		{1988514C-9936-4F04-B639-D4ACB584F0DE}.Release|Any CPU.ActiveCfg = Release|Any CPU
		{1988514C-9936-4F04-B639-D4ACB584F0DE}.Release|Any CPU.Build.0 = Release|Any CPU
	EndGlobalSection
	GlobalSection(SolutionProperties) = preSolution
		HideSolutionNode = FALSE
	EndGlobalSection
	GlobalSection(ExtensibilityGlobals) = postSolution
		SolutionGuid = {5E765E73-45DB-4B7B-9DDF-7A8CEDE99DFC}
	EndGlobalSection
EndGlobal
